# THIS IS AN AUTOGENERATED FILE. DO NOT EDIT THIS FILE DIRECTLY.
# yarn lockfile v1


"@primer/octicons@9.6.0":
  version "9.6.0"
  resolved "https://registry.yarnpkg.com/@primer/octicons/-/octicons-9.6.0.tgz#e195f2dd5f30b6918ad5d8ff224c12f778d02408"
  integrity sha512-B5Wzk5izRXXz0JqEXJkVUtqhCXSpUKgqYkVwegMkp5sziBW+ksd9LPbONlCWyyLODwf9GsI2sBXekR7m+JJDBw==
  dependencies:
    object-assign "^4.1.1"

object-assign@^4.1.1:
  version "4.1.1"
  resolved "https://registry.yarnpkg.com/object-assign/-/object-assign-4.1.1.tgz#2109adc7965887cfc05cbbd442cac8bfbb360863"
  integrity sha1-IQmtx5ZYh8/AXLvUQsrIv7s2CGM=
