# THIS IS AN AUTOGENERATED FILE. DO NOT EDIT THIS FILE DIRECTLY.
# yarn lockfile v1


"@primer/octicons@11.0.0":
  version "11.0.0"
  resolved "https://registry.npmjs.org/@primer/octicons/-/octicons-11.0.0.tgz#a37c93f08fb669004f89455e5507efd12d93bf2e"
  integrity sha512-aMM2n7dl4ToEqQH9ZWQ8M8alGCoGsRk2k5hT5h3KXd54YFKte1twhJDvyQjIjjxqggNh5NUfyuqTOv6MPCVSKQ==
  dependencies:
    object-assign "^4.1.1"

object-assign@^4.1.1:
  version "4.1.1"
  resolved "https://registry.yarnpkg.com/object-assign/-/object-assign-4.1.1.tgz#2109adc7965887cfc05cbbd442cac8bfbb360863"
  integrity sha1-IQmtx5ZYh8/AXLvUQsrIv7s2CGM=
