# THIS IS AN AUTOGENERATED FILE. DO NOT EDIT THIS FILE DIRECTLY.
# yarn lockfile v1


"@primer/octicons@9.6.0":
  version "9.6.0"
  resolved "https://registry.yarnpkg.com/@primer/octicons/-/octicons-9.6.0.tgz#e195f2dd5f30b6918ad5d8ff224c12f778d02408"
  integrity sha512-B5Wzk5izRXXz0JqEXJkVUtqhCXSpUKgqYkVwegMkp5sziBW+ksd9LPbONlCWyyLODwf9GsI2sBXekR7m+JJDBw==
  dependencies:
    object-assign "^4.1.1"

object-assign@^4.1.1:
  version "4.1.1"
  resolved "https://registry.yarnpkg.com/object-assign/-/object-assign-4.1.1.tgz#2109adc7965887cfc05cbbd442cac8bfbb360863"
  integrity sha1-IQmtx5ZYh8/AXLvUQsrIv7s2CGM=

prettier-plugin-svelte@0.7.0:
  version "0.7.0"
  resolved "https://registry.yarnpkg.com/prettier-plugin-svelte/-/prettier-plugin-svelte-0.7.0.tgz#5ac0b9f194e0450c88ff1e167cbf3b32d2642df2"
  integrity sha512-SuZSeMh48rx42kCFEpI/xE1XgjxQcS3r22Yo7jIhBYRhwbAa8laNxiIHsfeWWkX8BdyELkEayaTQp4ricckwTQ==
  dependencies:
    tslib "^1.9.3"

prettier@1.19.1:
  version "1.19.1"
  resolved "https://registry.yarnpkg.com/prettier/-/prettier-1.19.1.tgz#f7d7f5ff8a9cd872a7be4ca142095956a60797cb"
  integrity sha512-s7PoyDv/II1ObgQunCbB9PdLmUcBZcnWOcxDh7O0N/UwDEsHyqkW+Qh28jW+mVuCdx7gLB0BotYI1Y6uI9iyew==

svelte@^3.20.x:
  version "3.20.1"
  resolved "https://registry.yarnpkg.com/svelte/-/svelte-3.20.1.tgz#8417fcd883a2f534b642a0737368272e651cf3ac"
  integrity sha512-m/dw52BZf+p6KYnyKLErIcGalu4pwJrQbUM7VZriRw6ZlJj1qMAZsLcIWzEB3I0hhdJwkKb7LrrvUIeqmbO92Q==

tslib@^1.9.3:
  version "1.11.1"
  resolved "https://registry.yarnpkg.com/tslib/-/tslib-1.11.1.tgz#eb15d128827fbee2841549e171f45ed338ac7e35"
  integrity sha512-aZW88SY8kQbU7gpV19lN24LtXh/yD4ZZg6qieAJDDg+YBsJcSmLGK9QpnUjAKVG/xefmvJGd1WUmfpT/g6AJGA==
